PODS:
  - FBSnapshotTestCase (2.1.4):
    - FBSnapshotTestCase/SwiftSupport (= 2.1.4)
  - FBSnapshotTestCase/Core (2.1.4)
  - FBSnapshotTestCase/SwiftSupport (2.1.4):
    - FBSnapshotTestCase/Core
  - ShippedShield (0.1.3)

DEPENDENCIES:
  - FBSnapshotTestCase
  - ShippedShield (from `../`)

SPEC REPOS:
  trunk:
    - FBSnapshotTestCase

EXTERNAL SOURCES:
  ShippedShield:
    :path: "../"

SPEC CHECKSUMS:
  FBSnapshotTestCase: 094f9f314decbabe373b87cc339bea235a63e07a
  ShippedShield: c5eaacf3c07af45222de5a2e89c48d8e7d8c2829

PODFILE CHECKSUM: 65763c58f8950af7ced6aaba01fa054e888445f4

COCOAPODS: 1.11.3
